
Microsoft Visual Studio Solution File, Format Version 12.00
# Visual Studio Version 17
VisualStudioVersion = 17.6.33829.357
MinimumVisualStudioVersion = 10.0.40219.1
Project("{9A19103F-16F7-4668-BE54-9A1E7A4F7556}") = "EFCorePeliculas", "EFCorePeliculas.csproj", "{B606FC02-1410-400D-9964-DBC462150737}"
EndProject
Project("{FAE04EC0-301F-11D3-BF4B-00C04F79EFBC}") = "EFCorePeliculas.Testing", "..\EFCorePeliculas.Testing\EFCorePeliculas.Testing.csproj", "{5CB5D56E-8667-470C-8C45-13BE18D8E753}"
EndProject
Global
	GlobalSection(SolutionConfigurationPlatforms) = preSolution
		Debug|Any CPU = Debug|Any CPU
		Release|Any CPU = Release|Any CPU
	EndGlobalSection
	GlobalSection(ProjectConfigurationPlatforms) = postSolution
		{B606FC02-1410-400D-9964-DBC462150737}.Debug|Any CPU.ActiveCfg = Debug|Any CPU
		{B606FC02-1410-400D-9964-DBC462150737}.Debug|Any CPU.Build.0 = Debug|Any CPU
		{B606FC02-1410-400D-9964-DBC462150737}.Release|Any CPU.ActiveCfg = Release|Any CPU
		{B606FC02-1410-400D-9964-DBC462150737}.Release|Any CPU.Build.0 = Release|Any CPU
		{5CB5D56E-8667-470C-8C45-13BE18D8E753}.Debug|Any CPU.ActiveCfg = Debug|Any CPU
		{5CB5D56E-8667-470C-8C45-13BE18D8E753}.Debug|Any CPU.Build.0 = Debug|Any CPU
		{5CB5D56E-8667-470C-8C45-13BE18D8E753}.Release|Any CPU.ActiveCfg = Release|Any CPU
		{5CB5D56E-8667-470C-8C45-13BE18D8E753}.Release|Any CPU.Build.0 = Release|Any CPU
	EndGlobalSection
	GlobalSection(SolutionProperties) = preSolution
		HideSolutionNode = FALSE
	EndGlobalSection
	GlobalSection(ExtensibilityGlobals) = postSolution
		SolutionGuid = {78F29D36-75EF-4921-B795-88D041D1EBCD}
	EndGlobalSection
EndGlobal
